// !$*UTF8*$!
{
	archiveVersion = 1;
	classes = {
	};
	objectVersion = 46;
	objects = {

/* Begin PBXBuildFile section */
		5680F5F419D469E5005FC899 /* main.m in Sources */ = {isa = PBXBuildFile; fileRef = 5680F5F319D469E5005FC899 /* main.m */; };
		5680F5F719D469E5005FC899 /* AppDelegate.m in Sources */ = {isa = PBXBuildFile; fileRef = 5680F5F619D469E5005FC899 /* AppDelegate.m */; };
		5680F5FA19D469E5005FC899 /* ViewController.m in Sources */ = {isa = PBXBuildFile; fileRef = 5680F5F919D469E5005FC899 /* ViewController.m */; };
		5680F5FD19D469E5005FC899 /* Main.storyboard in Resources */ = {isa = PBXBuildFile; fileRef = 5680F5FB19D469E5005FC899 /* Main.storyboard */; };
		5680F5FF19D469E5005FC899 /* Images.xcassets in Resources */ = {isa = PBXBuildFile; fileRef = 5680F5FE19D469E5005FC899 /* Images.xcassets */; };
		5680F60219D469E5005FC899 /* LaunchScreen.xib in Resources */ = {isa = PBXBuildFile; fileRef = 5680F60019D469E5005FC899 /* LaunchScreen.xib */; };
		5680F60E19D469E5005FC899 /* jenkinstestTests.m in Sources */ = {isa = PBXBuildFile; fileRef = 5680F60D19D469E5005FC899 /* jenkinstestTests.m */; };
/* End PBXBuildFile section */

/* Begin PBXContainerItemProxy section */
		5680F60819D469E5005FC899 /* PBXContainerItemProxy */ = {
			isa = PBXContainerItemProxy;
			containerPortal = 5680F5E619D469E5005FC899 /* Project object */;
			proxyType = 1;
			remoteGlobalIDString = 5680F5ED19D469E5005FC899;
			remoteInfo = jenkinstest;
		};
/* End PBXContainerItemProxy section */

/* Begin PBXFileReference section */
		5680F5EE19D469E5005FC899 /* jenkinstest.app */ = {isa = PBXFileReference; explicitFileType = wrapper.application; includeInIndex = 0; path = jenkinstest.app; sourceTree = BUILT_PRODUCTS_DIR; };
		5680F5F219D469E5005FC899 /* Info.plist */ = {isa = PBXFileReference; lastKnownFileType = text.plist.xml; path = Info.plist; sourceTree = "<group>"; };
		5680F5F319D469E5005FC899 /* main.m */ = {isa = PBXFileReference; lastKnownFileType = sourcecode.c.objc; path = main.m; sourceTree = "<group>"; };
		5680F5F519D469E5005FC899 /* AppDelegate.h */ = {isa = PBXFileReference; lastKnownFileType = sourcecode.c.h; path = AppDelegate.h; sourceTree = "<group>"; };
		5680F5F619D469E5005FC899 /* AppDelegate.m */ = {isa = PBXFileReference; lastKnownFileType = sourcecode.c.objc; path = AppDelegate.m; sourceTree = "<group>"; };
		5680F5F819D469E5005FC899 /* ViewController.h */ = {isa = PBXFileReference; lastKnownFileType = sourcecode.c.h; path = ViewController.h; sourceTree = "<group>"; };
		5680F5F919D469E5005FC899 /* ViewController.m */ = {isa = PBXFileReference; lastKnownFileType = sourcecode.c.objc; path = ViewController.m; sourceTree = "<group>"; };
		5680F5FC19D469E5005FC899 /* Base */ = {isa = PBXFileReference; lastKnownFileType = file.storyboard; name = Base; path = Base.lproj/Main.storyboard; sourceTree = "<group>"; };
		5680F5FE19D469E5005FC899 /* Images.xcassets */ = {isa = PBXFileReference; lastKnownFileType = folder.assetcatalog; path = Images.xcassets; sourceTree = "<group>"; };
		5680F60119D469E5005FC899 /* Base */ = {isa = PBXFileReference; lastKnownFileType = file.xib; name = Base; path = Base.lproj/LaunchScreen.xib; sourceTree = "<group>"; };
		5680F60719D469E5005FC899 /* jenkinstestTests.xctest */ = {isa = PBXFileReference; explicitFileType = wrapper.cfbundle; includeInIndex = 0; path = jenkinstestTests.xctest; sourceTree = BUILT_PRODUCTS_DIR; };
		5680F60C19D469E5005FC899 /* Info.plist */ = {isa = PBXFileReference; lastKnownFileType = text.plist.xml; path = Info.plist; sourceTree = "<group>"; };
		5680F60D19D469E5005FC899 /* jenkinstestTests.m */ = {isa = PBXFileReference; lastKnownFileType = sourcecode.c.objc; path = jenkinstestTests.m; sourceTree = "<group>"; };
/* End PBXFileReference section */

/* Begin PBXFrameworksBuildPhase section */
		5680F5EB19D469E5005FC899 /* Frameworks */ = {
			isa = PBXFrameworksBuildPhase;
			buildActionMask = 2147483647;
			files = (
			);
			runOnlyForDeploymentPostprocessing = 0;
		};
		5680F60419D469E5005FC899 /* Frameworks */ = {
			isa = PBXFrameworksBuildPhase;
			buildActionMask = 2147483647;
			files = (
			);
			runOnlyForDeploymentPostprocessing = 0;
		};
/* End PBXFrameworksBuildPhase section */

/* Begin PBXGroup section */
		5680F5E519D469E5005FC899 = {
			isa = PBXGroup;
			children = (
				5680F5F019D469E5005FC899 /* jenkinstest */,
				5680F60A19D469E5005FC899 /* jenkinstestTests */,
				5680F5EF19D469E5005FC899 /* Products */,
			);
			sourceTree = "<group>";
		};
		5680F5EF19D469E5005FC899 /* Products */ = {
			isa = PBXGroup;
			children = (
				5680F5EE19D469E5005FC899 /* jenkinstest.app */,
				5680F60719D469E5005FC899 /* jenkinstestTests.xctest */,
			);
			name = Products;
			sourceTree = "<group>";
		};
		5680F5F019D469E5005FC899 /* jenkinstest */ = {
			isa = PBXGroup;
			children = (
				5680F5F519D469E5005FC899 /* AppDelegate.h */,
				5680F5F619D469E5005FC899 /* AppDelegate.m */,
				5680F5F819D469E5005FC899 /* ViewController.h */,
				5680F5F919D469E5005FC899 /* ViewController.m */,
				5680F5FB19D469E5005FC899 /* Main.storyboard */,
				5680F5FE19D469E5005FC899 /* Images.xcassets */,
				5680F60019D469E5005FC899 /* LaunchScreen.xib */,
				5680F5F119D469E5005FC899 /* Supporting Files */,
			);
			path = jenkinstest;
			sourceTree = "<group>";
		};
		5680F5F119D469E5005FC899 /* Supporting Files */ = {
			isa = PBXGroup;
			children = (
				5680F5F219D469E5005FC899 /* Info.plist */,
				5680F5F319D469E5005FC899 /* main.m */,
			);
			name = "Supporting Files";
			sourceTree = "<group>";
		};
		5680F60A19D469E5005FC899 /* jenkinstestTests */ = {
			isa = PBXGroup;
			children = (
				5680F60D19D469E5005FC899 /* jenkinstestTests.m */,
				5680F60B19D469E5005FC899 /* Supporting Files */,
			);
			path = jenkinstestTests;
			sourceTree = "<group>";
		};
		5680F60B19D469E5005FC899 /* Supporting Files */ = {
			isa = PBXGroup;
			children = (
				5680F60C19D469E5005FC899 /* Info.plist */,
			);
			name = "Supporting Files";
			sourceTree = "<group>";
		};
/* End PBXGroup section */

/* Begin PBXNativeTarget section */
		5680F5ED19D469E5005FC899 /* jenkinstest */ = {
			isa = PBXNativeTarget;
			buildConfigurationList = 5680F61119D469E5005FC899 /* Build configuration list for PBXNativeTarget "jenkinstest" */;
			buildPhases = (
				5680F5EA19D469E5005FC899 /* Sources */,
				5680F5EB19D469E5005FC899 /* Frameworks */,
				5680F5EC19D469E5005FC899 /* Resources */,
			);
			buildRules = (
			);
			dependencies = (
			);
			name = jenkinstest;
			productName = jenkinstest;
			productReference = 5680F5EE19D469E5005FC899 /* jenkinstest.app */;
			productType = "com.apple.product-type.application";
		};
		5680F60619D469E5005FC899 /* jenkinstestTests */ = {
			isa = PBXNativeTarget;
			buildConfigurationList = 5680F61419D469E5005FC899 /* Build configuration list for PBXNativeTarget "jenkinstestTests" */;
			buildPhases = (
				5680F60319D469E5005FC899 /* Sources */,
				5680F60419D469E5005FC899 /* Frameworks */,
				5680F60519D469E5005FC899 /* Resources */,
			);
			buildRules = (
			);
			dependencies = (
				5680F60919D469E5005FC899 /* PBXTargetDependency */,
			);
			name = jenkinstestTests;
			productName = jenkinstestTests;
			productReference = 5680F60719D469E5005FC899 /* jenkinstestTests.xctest */;
			productType = "com.apple.product-type.bundle.unit-test";
		};
/* End PBXNativeTarget section */

/* Begin PBXProject section */
		5680F5E619D469E5005FC899 /* Project object */ = {
			isa = PBXProject;
			attributes = {
				LastUpgradeCheck = 0600;
				ORGANIZATIONNAME = "Slalom Consulting";
				TargetAttributes = {
					5680F5ED19D469E5005FC899 = {
						CreatedOnToolsVersion = 6.0.1;
						DevelopmentTeam = T5L4BKT95D;
					};
					5680F60619D469E5005FC899 = {
						CreatedOnToolsVersion = 6.0.1;
						TestTargetID = 5680F5ED19D469E5005FC899;
					};
				};
			};
			buildConfigurationList = 5680F5E919D469E5005FC899 /* Build configuration list for PBXProject "jenkinstest" */;
			compatibilityVersion = "Xcode 3.2";
			developmentRegion = English;
			hasScannedForEncodings = 0;
			knownRegions = (
				en,
				Base,
			);
			mainGroup = 5680F5E519D469E5005FC899;
			productRefGroup = 5680F5EF19D469E5005FC899 /* Products */;
			projectDirPath = "";
			projectRoot = "";
			targets = (
				5680F5ED19D469E5005FC899 /* jenkinstest */,
				5680F60619D469E5005FC899 /* jenkinstestTests */,
			);
		};
/* End PBXProject section */

/* Begin PBXResourcesBuildPhase section */
		5680F5EC19D469E5005FC899 /* Resources */ = {
			isa = PBXResourcesBuildPhase;
			buildActionMask = 2147483647;
			files = (
				5680F5FD19D469E5005FC899 /* Main.storyboard in Resources */,
				5680F60219D469E5005FC899 /* LaunchScreen.xib in Resources */,
				5680F5FF19D469E5005FC899 /* Images.xcassets in Resources */,
			);
			runOnlyForDeploymentPostprocessing = 0;
		};
		5680F60519D469E5005FC899 /* Resources */ = {
			isa = PBXResourcesBuildPhase;
			buildActionMask = 2147483647;
			files = (
			);
			runOnlyForDeploymentPostprocessing = 0;
		};
/* End PBXResourcesBuildPhase section */

/* Begin PBXSourcesBuildPhase section */
		5680F5EA19D469E5005FC899 /* Sources */ = {
			isa = PBXSourcesBuildPhase;
			buildActionMask = 2147483647;
			files = (
				5680F5FA19D469E5005FC899 /* ViewController.m in Sources */,
				5680F5F719D469E5005FC899 /* AppDelegate.m in Sources */,
				5680F5F419D469E5005FC899 /* main.m in Sources */,
			);
			runOnlyForDeploymentPostprocessing = 0;
		};
		5680F60319D469E5005FC899 /* Sources */ = {
			isa = PBXSourcesBuildPhase;
			buildActionMask = 2147483647;
			files = (
				5680F60E19D469E5005FC899 /* jenkinstestTests.m in Sources */,
			);
			runOnlyForDeploymentPostprocessing = 0;
		};
/* End PBXSourcesBuildPhase section */

/* Begin PBXTargetDependency section */
		5680F60919D469E5005FC899 /* PBXTargetDependency */ = {
			isa = PBXTargetDependency;
			target = 5680F5ED19D469E5005FC899 /* jenkinstest */;
			targetProxy = 5680F60819D469E5005FC899 /* PBXContainerItemProxy */;
		};
/* End PBXTargetDependency section */

/* Begin PBXVariantGroup section */
		5680F5FB19D469E5005FC899 /* Main.storyboard */ = {
			isa = PBXVariantGroup;
			children = (
				5680F5FC19D469E5005FC899 /* Base */,
			);
			name = Main.storyboard;
			sourceTree = "<group>";
		};
		5680F60019D469E5005FC899 /* LaunchScreen.xib */ = {
			isa = PBXVariantGroup;
			children = (
				5680F60119D469E5005FC899 /* Base */,
			);
			name = LaunchScreen.xib;
			sourceTree = "<group>";
		};
/* End PBXVariantGroup section */

/* Begin XCBuildConfiguration section */
		5680F60F19D469E5005FC899 /* Debug */ = {
			isa = XCBuildConfiguration;
			buildSettings = {
				ALWAYS_SEARCH_USER_PATHS = NO;
				CLANG_CXX_LANGUAGE_STANDARD = "gnu++0x";
				CLANG_CXX_LIBRARY = "libc++";
				CLANG_ENABLE_MODULES = YES;
				CLANG_ENABLE_OBJC_ARC = YES;
				CLANG_WARN_BOOL_CONVERSION = YES;
				CLANG_WARN_CONSTANT_CONVERSION = YES;
				CLANG_WARN_DIRECT_OBJC_ISA_USAGE = YES_ERROR;
				CLANG_WARN_EMPTY_BODY = YES;
				CLANG_WARN_ENUM_CONVERSION = YES;
				CLANG_WARN_INT_CONVERSION = YES;
				CLANG_WARN_OBJC_ROOT_CLASS = YES_ERROR;
				CLANG_WARN_UNREACHABLE_CODE = YES;
				CLANG_WARN__DUPLICATE_METHOD_MATCH = YES;
				"CODE_SIGN_IDENTITY[sdk=iphoneos*]" = "iPhone Developer";
				COPY_PHASE_STRIP = NO;
				ENABLE_STRICT_OBJC_MSGSEND = YES;
				GCC_C_LANGUAGE_STANDARD = gnu99;
				GCC_DYNAMIC_NO_PIC = NO;
				GCC_OPTIMIZATION_LEVEL = 0;
				GCC_PREPROCESSOR_DEFINITIONS = (
					"DEBUG=1",
					"$(inherited)",
				);
				GCC_SYMBOLS_PRIVATE_EXTERN = NO;
				GCC_WARN_64_TO_32_BIT_CONVERSION = YES;
				GCC_WARN_ABOUT_RETURN_TYPE = YES_ERROR;
				GCC_WARN_UNDECLARED_SELECTOR = YES;
				GCC_WARN_UNINITIALIZED_AUTOS = YES_AGGRESSIVE;
				GCC_WARN_UNUSED_FUNCTION = YES;
				GCC_WARN_UNUSED_VARIABLE = YES;
				IPHONEOS_DEPLOYMENT_TARGET = 8.0;
				MTL_ENABLE_DEBUG_INFO = YES;
				ONLY_ACTIVE_ARCH = YES;
				SDKROOT = iphoneos;
			};
			name = Debug;
		};
		5680F61019D469E5005FC899 /* Release */ = {
			isa = XCBuildConfiguration;
			buildSettings = {
				ALWAYS_SEARCH_USER_PATHS = NO;
				CLANG_CXX_LANGUAGE_STANDARD = "gnu++0x";
				CLANG_CXX_LIBRARY = "libc++";
				CLANG_ENABLE_MODULES = YES;
				CLANG_ENABLE_OBJC_ARC = YES;
				CLANG_WARN_BOOL_CONVERSION = YES;
				CLANG_WARN_CONSTANT_CONVERSION = YES;
				CLANG_WARN_DIRECT_OBJC_ISA_USAGE = YES_ERROR;
				CLANG_WARN_EMPTY_BODY = YES;
				CLANG_WARN_ENUM_CONVERSION = YES;
				CLANG_WARN_INT_CONVERSION = YES;
				CLANG_WARN_OBJC_ROOT_CLASS = YES_ERROR;
				CLANG_WARN_UNREACHABLE_CODE = YES;
				CLANG_WARN__DUPLICATE_METHOD_MATCH = YES;
				"CODE_SIGN_IDENTITY[sdk=iphoneos*]" = "iPhone Developer";
				COPY_PHASE_STRIP = YES;
				ENABLE_NS_ASSERTIONS = NO;
				ENABLE_STRICT_OBJC_MSGSEND = YES;
				GCC_C_LANGUAGE_STANDARD = gnu99;
				GCC_WARN_64_TO_32_BIT_CONVERSION = YES;
				GCC_WARN_ABOUT_RETURN_TYPE = YES_ERROR;
				GCC_WARN_UNDECLARED_SELECTOR = YES;
				GCC_WARN_UNINITIALIZED_AUTOS = YES_AGGRESSIVE;
				GCC_WARN_UNUSED_FUNCTION = YES;
				GCC_WARN_UNUSED_VARIABLE = YES;
				IPHONEOS_DEPLOYMENT_TARGET = 8.0;
				MTL_ENABLE_DEBUG_INFO = NO;
				SDKROOT = iphoneos;
				VALIDATE_PRODUCT = YES;
			};
			name = Release;
		};
		5680F61219D469E5005FC899 /* Debug */ = {
			isa = XCBuildConfiguration;
			buildSettings = {
				ASSETCATALOG_COMPILER_APPICON_NAME = AppIcon;
				CODE_SIGN_IDENTITY = "iPhone Developer";
				"CODE_SIGN_IDENTITY[sdk=iphoneos*]" = "iPhone Developer";
				INFOPLIST_FILE = jenkinstest/Info.plist;
				LD_RUNPATH_SEARCH_PATHS = "$(inherited) @executable_path/Frameworks";
				PRODUCT_NAME = "$(TARGET_NAME)";
			};
			name = Debug;
		};
		5680F61319D469E5005FC899 /* Release */ = {
			isa = XCBuildConfiguration;
			buildSettings = {
				ASSETCATALOG_COMPILER_APPICON_NAME = AppIcon;
				CODE_SIGN_IDENTITY = "iPhone Developer: Brendan Schoch (FS7K32L6DH)";
				INFOPLIST_FILE = jenkinstest/Info.plist;
				LD_RUNPATH_SEARCH_PATHS = "$(inherited) @executable_path/Frameworks";
				PRODUCT_NAME = "$(TARGET_NAME)";
			};
			name = Release;
		};
		5680F61519D469E5005FC899 /* Debug */ = {
			isa = XCBuildConfiguration;
			buildSettings = {
				BUNDLE_LOADER = "$(TEST_HOST)";
				FRAMEWORK_SEARCH_PATHS = (
					"$(SDKROOT)/Developer/Library/Frameworks",
					"$(inherited)",
				);
				GCC_PREPROCESSOR_DEFINITIONS = (
					"DEBUG=1",
					"$(inherited)",
				);
				INFOPLIST_FILE = jenkinstestTests/Info.plist;
				LD_RUNPATH_SEARCH_PATHS = "$(inherited) @executable_path/Frameworks @loader_path/Frameworks";
				PRODUCT_NAME = "$(TARGET_NAME)";
				TEST_HOST = "$(BUILT_PRODUCTS_DIR)/jenkinstest.app/jenkinstest";
			};
			name = Debug;
		};
		5680F61619D469E5005FC899 /* Release */ = {
			isa = XCBuildConfiguration;
			buildSettings = {
				BUNDLE_LOADER = "$(TEST_HOST)";
				FRAMEWORK_SEARCH_PATHS = (
					"$(SDKROOT)/Developer/Library/Frameworks",
					"$(inherited)",
				);
				INFOPLIST_FILE = jenkinstestTests/Info.plist;
				LD_RUNPATH_SEARCH_PATHS = "$(inherited) @executable_path/Frameworks @loader_path/Frameworks";
				PRODUCT_NAME = "$(TARGET_NAME)";
				TEST_HOST = "$(BUILT_PRODUCTS_DIR)/jenkinstest.app/jenkinstest";
			};
			name = Release;
		};
/* End XCBuildConfiguration section */

/* Begin XCConfigurationList section */
		5680F5E919D469E5005FC899 /* Build configuration list for PBXProject "jenkinstest" */ = {
			isa = XCConfigurationList;
			buildConfigurations = (
				5680F60F19D469E5005FC899 /* Debug */,
				5680F61019D469E5005FC899 /* Release */,
			);
			defaultConfigurationIsVisible = 0;
			defaultConfigurationName = Release;
		};
		5680F61119D469E5005FC899 /* Build configuration list for PBXNativeTarget "jenkinstest" */ = {
			isa = XCConfigurationList;
			buildConfigurations = (
				5680F61219D469E5005FC899 /* Debug */,
				5680F61319D469E5005FC899 /* Release */,
			);
			defaultConfigurationIsVisible = 0;
			defaultConfigurationName = Release;
		};
		5680F61419D469E5005FC899 /* Build configuration list for PBXNativeTarget "jenkinstestTests" */ = {
			isa = XCConfigurationList;
			buildConfigurations = (
				5680F61519D469E5005FC899 /* Debug */,
				5680F61619D469E5005FC899 /* Release */,
			);
			defaultConfigurationIsVisible = 0;
			defaultConfigurationName = Release;
		};
/* End XCConfigurationList section */
	};
	rootObject = 5680F5E619D469E5005FC899 /* Project object */;
}
